# This file is generated by running "yarn install" inside your project.
# Manual changes might be lost - proceed with caution!

__metadata:
  version: 6
  cacheKey: 8

"@esbuild/android-arm64@npm:0.19.0":
  version: 0.19.0
  resolution: "@esbuild/android-arm64@npm:0.19.0"
  conditions: os=android & cpu=arm64
  languageName: node
  linkType: hard

"@esbuild/android-arm@npm:0.19.0":
  version: 0.19.0
  resolution: "@esbuild/android-arm@npm:0.19.0"
  conditions: os=android & cpu=arm
  languageName: node
  linkType: hard

"@esbuild/android-x64@npm:0.19.0":
  version: 0.19.0
  resolution: "@esbuild/android-x64@npm:0.19.0"
  conditions: os=android & cpu=x64
  languageName: node
  linkType: hard

"@esbuild/darwin-arm64@npm:0.19.0":
  version: 0.19.0
  resolution: "@esbuild/darwin-arm64@npm:0.19.0"
  conditions: os=darwin & cpu=arm64
  languageName: node
  linkType: hard

"@esbuild/darwin-x64@npm:0.19.0":
  version: 0.19.0
  resolution: "@esbuild/darwin-x64@npm:0.19.0"
  conditions: os=darwin & cpu=x64
  languageName: node
  linkType: hard

"@esbuild/freebsd-arm64@npm:0.19.0":
  version: 0.19.0
  resolution: "@esbuild/freebsd-arm64@npm:0.19.0"
  conditions: os=freebsd & cpu=arm64
  languageName: node
  linkType: hard

"@esbuild/freebsd-x64@npm:0.19.0":
  version: 0.19.0
  resolution: "@esbuild/freebsd-x64@npm:0.19.0"
  conditions: os=freebsd & cpu=x64
  languageName: node
  linkType: hard

"@esbuild/linux-arm64@npm:0.19.0":
  version: 0.19.0
  resolution: "@esbuild/linux-arm64@npm:0.19.0"
  conditions: os=linux & cpu=arm64
  languageName: node
  linkType: hard

"@esbuild/linux-arm@npm:0.19.0":
  version: 0.19.0
  resolution: "@esbuild/linux-arm@npm:0.19.0"
  conditions: os=linux & cpu=arm
  languageName: node
  linkType: hard

"@esbuild/linux-ia32@npm:0.19.0":
  version: 0.19.0
  resolution: "@esbuild/linux-ia32@npm:0.19.0"
  conditions: os=linux & cpu=ia32
  languageName: node
  linkType: hard

"@esbuild/linux-loong64@npm:0.19.0":
  version: 0.19.0
  resolution: "@esbuild/linux-loong64@npm:0.19.0"
  conditions: os=linux & cpu=loong64
  languageName: node
  linkType: hard

"@esbuild/linux-mips64el@npm:0.19.0":
  version: 0.19.0
  resolution: "@esbuild/linux-mips64el@npm:0.19.0"
  conditions: os=linux & cpu=mips64el
  languageName: node
  linkType: hard

"@esbuild/linux-ppc64@npm:0.19.0":
  version: 0.19.0
  resolution: "@esbuild/linux-ppc64@npm:0.19.0"
  conditions: os=linux & cpu=ppc64
  languageName: node
  linkType: hard

"@esbuild/linux-riscv64@npm:0.19.0":
  version: 0.19.0
  resolution: "@esbuild/linux-riscv64@npm:0.19.0"
  conditions: os=linux & cpu=riscv64
  languageName: node
  linkType: hard

"@esbuild/linux-s390x@npm:0.19.0":
  version: 0.19.0
  resolution: "@esbuild/linux-s390x@npm:0.19.0"
  conditions: os=linux & cpu=s390x
  languageName: node
  linkType: hard

"@esbuild/linux-x64@npm:0.19.0":
  version: 0.19.0
  resolution: "@esbuild/linux-x64@npm:0.19.0"
  conditions: os=linux & cpu=x64
  languageName: node
  linkType: hard

"@esbuild/netbsd-x64@npm:0.19.0":
  version: 0.19.0
  resolution: "@esbuild/netbsd-x64@npm:0.19.0"
  conditions: os=netbsd & cpu=x64
  languageName: node
  linkType: hard

"@esbuild/openbsd-x64@npm:0.19.0":
  version: 0.19.0
  resolution: "@esbuild/openbsd-x64@npm:0.19.0"
  conditions: os=openbsd & cpu=x64
  languageName: node
  linkType: hard

"@esbuild/sunos-x64@npm:0.19.0":
  version: 0.19.0
  resolution: "@esbuild/sunos-x64@npm:0.19.0"
  conditions: os=sunos & cpu=x64
  languageName: node
  linkType: hard

"@esbuild/win32-arm64@npm:0.19.0":
  version: 0.19.0
  resolution: "@esbuild/win32-arm64@npm:0.19.0"
  conditions: os=win32 & cpu=arm64
  languageName: node
  linkType: hard

"@esbuild/win32-ia32@npm:0.19.0":
  version: 0.19.0
  resolution: "@esbuild/win32-ia32@npm:0.19.0"
  conditions: os=win32 & cpu=ia32
  languageName: node
  linkType: hard

"@esbuild/win32-x64@npm:0.19.0":
  version: 0.19.0
  resolution: "@esbuild/win32-x64@npm:0.19.0"
  conditions: os=win32 & cpu=x64
  languageName: node
  linkType: hard

"@sindresorhus/is@npm:^4.0.0":
  version: 4.6.0
  resolution: "@sindresorhus/is@npm:4.6.0"
  checksum: 83839f13da2c29d55c97abc3bc2c55b250d33a0447554997a85c539e058e57b8da092da396e252b11ec24a0279a0bed1f537fa26302209327060643e327f81d2
  languageName: node
  linkType: hard

"@szmarczak/http-timer@npm:^4.0.5":
  version: 4.0.6
  resolution: "@szmarczak/http-timer@npm:4.0.6"
  dependencies:
    defer-to-connect: ^2.0.0
  checksum: c29df3bcec6fc3bdec2b17981d89d9c9fc9bd7d0c9bcfe92821dc533f4440bc890ccde79971838b4ceed1921d456973c4180d7175ee1d0023ad0562240a58d95
  languageName: node
  linkType: hard

"@types/cacheable-request@npm:^6.0.1":
  version: 6.0.3
  resolution: "@types/cacheable-request@npm:6.0.3"
  dependencies:
    "@types/http-cache-semantics": "*"
    "@types/keyv": ^3.1.4
    "@types/node": "*"
    "@types/responselike": ^1.0.0
  checksum: d9b26403fe65ce6b0cb3720b7030104c352bcb37e4fac2a7089a25a97de59c355fa08940658751f2f347a8512aa9d18fdb66ab3ade835975b2f454f2d5befbd9
  languageName: node
  linkType: hard

"@types/http-cache-semantics@npm:*":
  version: 4.0.1
  resolution: "@types/http-cache-semantics@npm:4.0.1"
  checksum: 1048aacf627829f0d5f00184e16548205cd9f964bf0841c29b36bc504509230c40bc57c39778703a1c965a6f5b416ae2cbf4c1d4589c889d2838dd9dbfccf6e9
  languageName: node
  linkType: hard

"@types/keyv@npm:^3.1.4":
  version: 3.1.4
  resolution: "@types/keyv@npm:3.1.4"
  dependencies:
    "@types/node": "*"
  checksum: e009a2bfb50e90ca9b7c6e8f648f8464067271fd99116f881073fa6fa76dc8d0133181dd65e6614d5fb1220d671d67b0124aef7d97dc02d7e342ab143a47779d
  languageName: node
  linkType: hard

"@types/node@npm:*":
  version: 20.4.9
  resolution: "@types/node@npm:20.4.9"
  checksum: 504e3da96274f3865c1251830f4750bb0a8f6ef6f8648902cd3bba33370c5f219235471bfbf55cce726b25c8eacfcc8e2aad0ec3b13e27ea6708b00d4a9a46c8
  languageName: node
  linkType: hard

"@types/responselike@npm:^1.0.0":
  version: 1.0.0
  resolution: "@types/responselike@npm:1.0.0"
  dependencies:
    "@types/node": "*"
  checksum: e99fc7cc6265407987b30deda54c1c24bb1478803faf6037557a774b2f034c5b097ffd65847daa87e82a61a250d919f35c3588654b0fdaa816906650f596d1b0
  languageName: node
  linkType: hard

"ajv@npm:^6.12.3":
  version: 6.12.6
  resolution: "ajv@npm:6.12.6"
  dependencies:
    fast-deep-equal: ^3.1.1
    fast-json-stable-stringify: ^2.0.0
    json-schema-traverse: ^0.4.1
    uri-js: ^4.2.2
  checksum: 874972efe5c4202ab0a68379481fbd3d1b5d0a7bd6d3cc21d40d3536ebff3352a2a1fabb632d4fd2cc7fe4cbdcd5ed6782084c9bbf7f32a1536d18f9da5007d4
  languageName: node
  linkType: hard

"app-store-scraper@npm:^0.17.0":
  version: 0.17.0
  resolution: "app-store-scraper@npm:0.17.0"
  dependencies:
    cheerio: ^1.0.0-rc.2
    debug: ^2.2.0
    memoizee: ^0.3.10
    ramda: ^0.21.0
    request: ^2.87.0
    xml2js: ^0.4.16
  checksum: 263e768a7aa177f779e768c1d5a5a719e3bb1915a34cac4b42c7fc827da7ad3db77e9555ec71c4e5add85831b2099cf37cf6df8b8061f43e5bf5de53fabb49a3
  languageName: node
  linkType: hard

"asn1@npm:~0.2.3":
  version: 0.2.6
  resolution: "asn1@npm:0.2.6"
  dependencies:
    safer-buffer: ~2.1.0
  checksum: 39f2ae343b03c15ad4f238ba561e626602a3de8d94ae536c46a4a93e69578826305366dc09fbb9b56aec39b4982a463682f259c38e59f6fa380cd72cd61e493d
  languageName: node
  linkType: hard

"assert-plus@npm:1.0.0, assert-plus@npm:^1.0.0":
  version: 1.0.0
  resolution: "assert-plus@npm:1.0.0"
  checksum: 19b4340cb8f0e6a981c07225eacac0e9d52c2644c080198765d63398f0075f83bbc0c8e95474d54224e297555ad0d631c1dcd058adb1ddc2437b41a6b424ac64
  languageName: node
  linkType: hard

"asynckit@npm:^0.4.0":
  version: 0.4.0
  resolution: "asynckit@npm:0.4.0"
  checksum: 7b78c451df768adba04e2d02e63e2d0bf3b07adcd6e42b4cf665cb7ce899bedd344c69a1dcbce355b5f972d597b25aaa1c1742b52cffd9caccb22f348114f6be
  languageName: node
  linkType: hard

"aws-sign2@npm:~0.7.0":
  version: 0.7.0
  resolution: "aws-sign2@npm:0.7.0"
  checksum: b148b0bb0778098ad8cf7e5fc619768bcb51236707ca1d3e5b49e41b171166d8be9fdc2ea2ae43d7decf02989d0aaa3a9c4caa6f320af95d684de9b548a71525
  languageName: node
  linkType: hard

"aws4@npm:^1.8.0":
  version: 1.12.0
  resolution: "aws4@npm:1.12.0"
  checksum: 68f79708ac7c335992730bf638286a3ee0a645cf12575d557860100767c500c08b30e24726b9f03265d74116417f628af78509e1333575e9f8d52a80edfe8cbc
  languageName: node
  linkType: hard

"bcrypt-pbkdf@npm:^1.0.0":
  version: 1.0.2
  resolution: "bcrypt-pbkdf@npm:1.0.2"
  dependencies:
    tweetnacl: ^0.14.3
  checksum: 4edfc9fe7d07019609ccf797a2af28351736e9d012c8402a07120c4453a3b789a15f2ee1530dc49eee8f7eb9379331a8dd4b3766042b9e502f74a68e7f662291
  languageName: node
  linkType: hard

"boolbase@npm:^1.0.0":
  version: 1.0.0
  resolution: "boolbase@npm:1.0.0"
  checksum: 3e25c80ef626c3a3487c73dbfc70ac322ec830666c9ad915d11b701142fab25ec1e63eff2c450c74347acfd2de854ccde865cd79ef4db1683f7c7b046ea43bb0
  languageName: node
  linkType: hard

"cacheable-lookup@npm:^5.0.3":
  version: 5.0.4
  resolution: "cacheable-lookup@npm:5.0.4"
  checksum: 763e02cf9196bc9afccacd8c418d942fc2677f22261969a4c2c2e760fa44a2351a81557bd908291c3921fe9beb10b976ba8fa50c5ca837c5a0dd945f16468f2d
  languageName: node
  linkType: hard

"cacheable-request@npm:^7.0.2":
  version: 7.0.4
  resolution: "cacheable-request@npm:7.0.4"
  dependencies:
    clone-response: ^1.0.2
    get-stream: ^5.1.0
    http-cache-semantics: ^4.0.0
    keyv: ^4.0.0
    lowercase-keys: ^2.0.0
    normalize-url: ^6.0.1
    responselike: ^2.0.0
  checksum: 0de9df773fd4e7dd9bd118959878f8f2163867e2e1ab3575ffbecbe6e75e80513dd0c68ba30005e5e5a7b377cc6162bbc00ab1db019bb4e9cb3c2f3f7a6f1ee4
  languageName: node
  linkType: hard

"caseless@npm:~0.12.0":
  version: 0.12.0
  resolution: "caseless@npm:0.12.0"
  checksum: b43bd4c440aa1e8ee6baefee8063b4850fd0d7b378f6aabc796c9ec8cb26d27fb30b46885350777d9bd079c5256c0e1329ad0dc7c2817e0bb466810ebb353751
  languageName: node
  linkType: hard

"cheerio-select@npm:^2.1.0":
  version: 2.1.0
  resolution: "cheerio-select@npm:2.1.0"
  dependencies:
    boolbase: ^1.0.0
    css-select: ^5.1.0
    css-what: ^6.1.0
    domelementtype: ^2.3.0
    domhandler: ^5.0.3
    domutils: ^3.0.1
  checksum: 843d6d479922f28a6c5342c935aff1347491156814de63c585a6eb73baf7bb4185c1b4383a1195dca0f12e3946d737c7763bcef0b9544c515d905c5c44c5308b
  languageName: node
  linkType: hard

"cheerio@npm:^1.0.0-rc.12, cheerio@npm:^1.0.0-rc.2":
  version: 1.0.0-rc.12
  resolution: "cheerio@npm:1.0.0-rc.12"
  dependencies:
    cheerio-select: ^2.1.0
    dom-serializer: ^2.0.0
    domhandler: ^5.0.3
    domutils: ^3.0.1
    htmlparser2: ^8.0.1
    parse5: ^7.0.0
    parse5-htmlparser2-tree-adapter: ^7.0.0
  checksum: 5d4c1b7a53cf22d3a2eddc0aff70cf23cbb30d01a4c79013e703a012475c02461aa1fcd99127e8d83a02216386ed6942b2c8103845fd0812300dd199e6e7e054
  languageName: node
  linkType: hard

"clone-response@npm:^1.0.2":
  version: 1.0.3
  resolution: "clone-response@npm:1.0.3"
  dependencies:
    mimic-response: ^1.0.0
  checksum: 4e671cac39b11c60aa8ba0a450657194a5d6504df51bca3fac5b3bd0145c4f8e8464898f87c8406b83232e3bc5cca555f51c1f9c8ac023969ebfbf7f6bdabb2e
  languageName: node
  linkType: hard

"combined-stream@npm:^1.0.6, combined-stream@npm:~1.0.6":
  version: 1.0.8
  resolution: "combined-stream@npm:1.0.8"
  dependencies:
    delayed-stream: ~1.0.0
  checksum: 49fa4aeb4916567e33ea81d088f6584749fc90c7abec76fd516bf1c5aa5c79f3584b5ba3de6b86d26ddd64bae5329c4c7479343250cfe71c75bb366eae53bb7c
  languageName: node
  linkType: hard

"core-util-is@npm:1.0.2":
  version: 1.0.2
  resolution: "core-util-is@npm:1.0.2"
  checksum: 7a4c925b497a2c91421e25bf76d6d8190f0b2359a9200dbeed136e63b2931d6294d3b1893eda378883ed363cd950f44a12a401384c609839ea616befb7927dab
  languageName: node
  linkType: hard

"css-select@npm:^5.1.0":
  version: 5.1.0
  resolution: "css-select@npm:5.1.0"
  dependencies:
    boolbase: ^1.0.0
    css-what: ^6.1.0
    domhandler: ^5.0.2
    domutils: ^3.0.1
    nth-check: ^2.0.1
  checksum: 2772c049b188d3b8a8159907192e926e11824aea525b8282981f72ba3f349cf9ecd523fdf7734875ee2cb772246c22117fc062da105b6d59afe8dcd5c99c9bda
  languageName: node
  linkType: hard

"css-what@npm:^6.1.0":
  version: 6.1.0
  resolution: "css-what@npm:6.1.0"
  checksum: b975e547e1e90b79625918f84e67db5d33d896e6de846c9b584094e529f0c63e2ab85ee33b9daffd05bff3a146a1916bec664e18bb76dd5f66cbff9fc13b2bbe
  languageName: node
  linkType: hard

"d@npm:1, d@npm:^1.0.1":
  version: 1.0.1
  resolution: "d@npm:1.0.1"
  dependencies:
    es5-ext: ^0.10.50
    type: ^1.0.1
  checksum: 49ca0639c7b822db670de93d4fbce44b4aa072cd848c76292c9978a8cd0fff1028763020ff4b0f147bd77bfe29b4c7f82e0f71ade76b2a06100543cdfd948d19
  languageName: node
  linkType: hard

"d@npm:~0.1.1":
  version: 0.1.1
  resolution: "d@npm:0.1.1"
  dependencies:
    es5-ext: ~0.10.2
  checksum: 42d71fa0900a7e041a308a2b9ca9a4b6f695512d3bc7bfcfdab6dd0a4028d786d60fcfc60594b548dfba6ad30d5baa4be085fe571371d302451a8fbf043ce565
  languageName: node
  linkType: hard

"dashdash@npm:^1.12.0":
  version: 1.14.1
  resolution: "dashdash@npm:1.14.1"
  dependencies:
    assert-plus: ^1.0.0
  checksum: 3634c249570f7f34e3d34f866c93f866c5b417f0dd616275decae08147dcdf8fccfaa5947380ccfb0473998ea3a8057c0b4cd90c875740ee685d0624b2983598
  languageName: node
  linkType: hard

"debug@npm:^2.2.0":
  version: 2.6.9
  resolution: "debug@npm:2.6.9"
  dependencies:
    ms: 2.0.0
  checksum: d2f51589ca66df60bf36e1fa6e4386b318c3f1e06772280eea5b1ae9fd3d05e9c2b7fd8a7d862457d00853c75b00451aa2d7459b924629ee385287a650f58fe6
  languageName: node
  linkType: hard

"debug@npm:^3.1.0":
  version: 3.2.7
  resolution: "debug@npm:3.2.7"
  dependencies:
    ms: ^2.1.1
  checksum: b3d8c5940799914d30314b7c3304a43305fd0715581a919dacb8b3176d024a782062368405b47491516d2091d6462d4d11f2f4974a405048094f8bfebfa3071c
  languageName: node
  linkType: hard

"decompress-response@npm:^6.0.0":
  version: 6.0.0
  resolution: "decompress-response@npm:6.0.0"
  dependencies:
    mimic-response: ^3.1.0
  checksum: d377cf47e02d805e283866c3f50d3d21578b779731e8c5072d6ce8c13cc31493db1c2f6784da9d1d5250822120cefa44f1deab112d5981015f2e17444b763812
  languageName: node
  linkType: hard

"defer-to-connect@npm:^2.0.0":
  version: 2.0.1
  resolution: "defer-to-connect@npm:2.0.1"
  checksum: 8a9b50d2f25446c0bfefb55a48e90afd58f85b21bcf78e9207cd7b804354f6409032a1705c2491686e202e64fc05f147aa5aa45f9aa82627563f045937f5791b
  languageName: node
  linkType: hard

"delayed-stream@npm:~1.0.0":
  version: 1.0.0
  resolution: "delayed-stream@npm:1.0.0"
  checksum: 46fe6e83e2cb1d85ba50bd52803c68be9bd953282fa7096f51fc29edd5d67ff84ff753c51966061e5ba7cb5e47ef6d36a91924eddb7f3f3483b1c560f77a0020
  languageName: node
  linkType: hard

"dom-serializer@npm:^2.0.0":
  version: 2.0.0
  resolution: "dom-serializer@npm:2.0.0"
  dependencies:
    domelementtype: ^2.3.0
    domhandler: ^5.0.2
    entities: ^4.2.0
  checksum: cd1810544fd8cdfbd51fa2c0c1128ec3a13ba92f14e61b7650b5de421b88205fd2e3f0cc6ace82f13334114addb90ed1c2f23074a51770a8e9c1273acbc7f3e6
  languageName: node
  linkType: hard

"domelementtype@npm:^2.3.0":
  version: 2.3.0
  resolution: "domelementtype@npm:2.3.0"
  checksum: ee837a318ff702622f383409d1f5b25dd1024b692ef64d3096ff702e26339f8e345820f29a68bcdcea8cfee3531776b3382651232fbeae95612d6f0a75efb4f6
  languageName: node
  linkType: hard

"domhandler@npm:^5.0.2, domhandler@npm:^5.0.3":
  version: 5.0.3
  resolution: "domhandler@npm:5.0.3"
  dependencies:
    domelementtype: ^2.3.0
  checksum: 0f58f4a6af63e6f3a4320aa446d28b5790a009018707bce2859dcb1d21144c7876482b5188395a188dfa974238c019e0a1e610d2fc269a12b2c192ea2b0b131c
  languageName: node
  linkType: hard

"domutils@npm:^3.0.1":
  version: 3.1.0
  resolution: "domutils@npm:3.1.0"
  dependencies:
    dom-serializer: ^2.0.0
    domelementtype: ^2.3.0
    domhandler: ^5.0.3
  checksum: e5757456ddd173caa411cfc02c2bb64133c65546d2c4081381a3bafc8a57411a41eed70494551aa58030be9e58574fcc489828bebd673863d39924fb4878f416
  languageName: node
  linkType: hard

"ecc-jsbn@npm:~0.1.1":
  version: 0.1.2
  resolution: "ecc-jsbn@npm:0.1.2"
  dependencies:
    jsbn: ~0.1.0
    safer-buffer: ^2.1.0
  checksum: 22fef4b6203e5f31d425f5b711eb389e4c6c2723402e389af394f8411b76a488fa414d309d866e2b577ce3e8462d344205545c88a8143cc21752a5172818888a
  languageName: node
  linkType: hard

"end-of-stream@npm:^1.1.0":
  version: 1.4.4
  resolution: "end-of-stream@npm:1.4.4"
  dependencies:
    once: ^1.4.0
  checksum: 530a5a5a1e517e962854a31693dbb5c0b2fc40b46dad2a56a2deec656ca040631124f4795823acc68238147805f8b021abbe221f4afed5ef3c8e8efc2024908b
  languageName: node
  linkType: hard

"entities@npm:^4.2.0, entities@npm:^4.4.0":
  version: 4.5.0
  resolution: "entities@npm:4.5.0"
  checksum: 853f8ebd5b425d350bffa97dd6958143179a5938352ccae092c62d1267c4e392a039be1bae7d51b6e4ffad25f51f9617531fedf5237f15df302ccfb452cbf2d7
  languageName: node
  linkType: hard

"es5-ext@npm:^0.10.35, es5-ext@npm:^0.10.46, es5-ext@npm:^0.10.50, es5-ext@npm:^0.10.53, es5-ext@npm:~0.10.11, es5-ext@npm:~0.10.14, es5-ext@npm:~0.10.2, es5-ext@npm:~0.10.46, es5-ext@npm:~0.10.5, es5-ext@npm:~0.10.6":
  version: 0.10.62
  resolution: "es5-ext@npm:0.10.62"
  dependencies:
    es6-iterator: ^2.0.3
    es6-symbol: ^3.1.3
    next-tick: ^1.1.0
  checksum: 25f42f6068cfc6e393cf670bc5bba249132c5f5ec2dd0ed6e200e6274aca2fed8e9aec8a31c76031744c78ca283c57f0b41c7e737804c6328c7b8d3fbcba7983
  languageName: node
  linkType: hard

"es6-iterator@npm:^2.0.3":
  version: 2.0.3
  resolution: "es6-iterator@npm:2.0.3"
  dependencies:
    d: 1
    es5-ext: ^0.10.35
    es6-symbol: ^3.1.1
  checksum: 6e48b1c2d962c21dee604b3d9f0bc3889f11ed5a8b33689155a2065d20e3107e2a69cc63a71bd125aeee3a589182f8bbcb5c8a05b6a8f38fa4205671b6d09697
  languageName: node
  linkType: hard

"es6-iterator@npm:~0.1.3":
  version: 0.1.3
  resolution: "es6-iterator@npm:0.1.3"
  dependencies:
    d: ~0.1.1
    es5-ext: ~0.10.5
    es6-symbol: ~2.0.1
  checksum: 0377dd93bee471804a8ba0dd5d2944d7a71c124382bc4a2d9a64325fcf0f56a30a02ea8117c67ee5d79b4394827909b8a5729af02a31a3d709d78f04981f461d
  languageName: node
  linkType: hard

"es6-symbol@npm:^3.1.1, es6-symbol@npm:^3.1.3":
  version: 3.1.3
  resolution: "es6-symbol@npm:3.1.3"
  dependencies:
    d: ^1.0.1
    ext: ^1.1.2
  checksum: cd49722c2a70f011eb02143ef1c8c70658d2660dead6641e160b94619f408b9cf66425515787ffe338affdf0285ad54f4eae30ea5bd510e33f8659ec53bcaa70
  languageName: node
  linkType: hard

"es6-symbol@npm:~2.0.1":
  version: 2.0.1
  resolution: "es6-symbol@npm:2.0.1"
  dependencies:
    d: ~0.1.1
    es5-ext: ~0.10.5
  checksum: ed14b5f6fd607b5656251f7069fcf43434e321d9b77cf9f7356ea5f99524b6b917459ce431bfaed6e0fceb317737d5fd7dbc73e9a516282f327f95c54fd5c912
  languageName: node
  linkType: hard

"es6-weak-map@npm:^2.0.3":
  version: 2.0.3
  resolution: "es6-weak-map@npm:2.0.3"
  dependencies:
    d: 1
    es5-ext: ^0.10.46
    es6-iterator: ^2.0.3
    es6-symbol: ^3.1.1
  checksum: 19ca15f46d50948ce78c2da5f21fb5b1ef45addd4fe17b5df952ff1f2a3d6ce4781249bc73b90995257264be2a98b2ec749bb2aba0c14b5776a1154178f9c927
  languageName: node
  linkType: hard

"es6-weak-map@npm:~0.1.4":
  version: 0.1.4
  resolution: "es6-weak-map@npm:0.1.4"
  dependencies:
    d: ~0.1.1
    es5-ext: ~0.10.6
    es6-iterator: ~0.1.3
    es6-symbol: ~2.0.1
  checksum: 37bd5d31be7b42ea92d561fec286399c212a5f2d387b9a2f27dabe3d8c9ac96f727b962975e20a4f13661324ced21abae1935bf10faf3d77686d33d02392f179
  languageName: node
  linkType: hard

"esbuild@npm:^0.19.0":
  version: 0.19.0
  resolution: "esbuild@npm:0.19.0"
  dependencies:
    "@esbuild/android-arm": 0.19.0
    "@esbuild/android-arm64": 0.19.0
    "@esbuild/android-x64": 0.19.0
    "@esbuild/darwin-arm64": 0.19.0
    "@esbuild/darwin-x64": 0.19.0
    "@esbuild/freebsd-arm64": 0.19.0
    "@esbuild/freebsd-x64": 0.19.0
    "@esbuild/linux-arm": 0.19.0
    "@esbuild/linux-arm64": 0.19.0
    "@esbuild/linux-ia32": 0.19.0
    "@esbuild/linux-loong64": 0.19.0
    "@esbuild/linux-mips64el": 0.19.0
    "@esbuild/linux-ppc64": 0.19.0
    "@esbuild/linux-riscv64": 0.19.0
    "@esbuild/linux-s390x": 0.19.0
    "@esbuild/linux-x64": 0.19.0
    "@esbuild/netbsd-x64": 0.19.0
    "@esbuild/openbsd-x64": 0.19.0
    "@esbuild/sunos-x64": 0.19.0
    "@esbuild/win32-arm64": 0.19.0
    "@esbuild/win32-ia32": 0.19.0
    "@esbuild/win32-x64": 0.19.0
  dependenciesMeta:
    "@esbuild/android-arm":
      optional: true
    "@esbuild/android-arm64":
      optional: true
    "@esbuild/android-x64":
      optional: true
    "@esbuild/darwin-arm64":
      optional: true
    "@esbuild/darwin-x64":
      optional: true
    "@esbuild/freebsd-arm64":
      optional: true
    "@esbuild/freebsd-x64":
      optional: true
    "@esbuild/linux-arm":
      optional: true
    "@esbuild/linux-arm64":
      optional: true
    "@esbuild/linux-ia32":
      optional: true
    "@esbuild/linux-loong64":
      optional: true
    "@esbuild/linux-mips64el":
      optional: true
    "@esbuild/linux-ppc64":
      optional: true
    "@esbuild/linux-riscv64":
      optional: true
    "@esbuild/linux-s390x":
      optional: true
    "@esbuild/linux-x64":
      optional: true
    "@esbuild/netbsd-x64":
      optional: true
    "@esbuild/openbsd-x64":
      optional: true
    "@esbuild/sunos-x64":
      optional: true
    "@esbuild/win32-arm64":
      optional: true
    "@esbuild/win32-ia32":
      optional: true
    "@esbuild/win32-x64":
      optional: true
  bin:
    esbuild: bin/esbuild
  checksum: 77ef2e57a94d1b88657fb6cd79c3ad6e3161823fd1b615f2ce4b71f163755b85e98cb5b565ed6c38db1f788c52c092b5534caa6800178de99a25de0671f92186
  languageName: node
  linkType: hard

"event-emitter@npm:^0.3.5, event-emitter@npm:~0.3.4":
  version: 0.3.5
  resolution: "event-emitter@npm:0.3.5"
  dependencies:
    d: 1
    es5-ext: ~0.10.14
  checksum: 27c1399557d9cd7e0aa0b366c37c38a4c17293e3a10258e8b692a847dd5ba9fb90429c3a5a1eeff96f31f6fa03ccbd31d8ad15e00540b22b22f01557be706030
  languageName: node
  linkType: hard

"ext@npm:^1.1.2":
  version: 1.7.0
  resolution: "ext@npm:1.7.0"
  dependencies:
    type: ^2.7.2
  checksum: ef481f9ef45434d8c867cfd09d0393b60945b7c8a1798bedc4514cb35aac342ccb8d8ecb66a513e6a2b4ec1e294a338e3124c49b29736f8e7c735721af352c31
  languageName: node
  linkType: hard

"extend@npm:~3.0.2":
  version: 3.0.2
  resolution: "extend@npm:3.0.2"
  checksum: a50a8309ca65ea5d426382ff09f33586527882cf532931cb08ca786ea3146c0553310bda688710ff61d7668eba9f96b923fe1420cdf56a2c3eaf30fcab87b515
  languageName: node
  linkType: hard

"extsprintf@npm:1.3.0":
  version: 1.3.0
  resolution: "extsprintf@npm:1.3.0"
  checksum: cee7a4a1e34cffeeec18559109de92c27517e5641991ec6bab849aa64e3081022903dd53084f2080d0d2530803aa5ee84f1e9de642c365452f9e67be8f958ce2
  languageName: node
  linkType: hard

"extsprintf@npm:^1.2.0":
  version: 1.4.1
  resolution: "extsprintf@npm:1.4.1"
  checksum: a2f29b241914a8d2bad64363de684821b6b1609d06ae68d5b539e4de6b28659715b5bea94a7265201603713b7027d35399d10b0548f09071c5513e65e8323d33
  languageName: node
  linkType: hard

"fast-deep-equal@npm:^3.1.1":
  version: 3.1.3
  resolution: "fast-deep-equal@npm:3.1.3"
  checksum: e21a9d8d84f53493b6aa15efc9cfd53dd5b714a1f23f67fb5dc8f574af80df889b3bce25dc081887c6d25457cce704e636395333abad896ccdec03abaf1f3f9d
  languageName: node
  linkType: hard

"fast-json-stable-stringify@npm:^2.0.0":
  version: 2.1.0
  resolution: "fast-json-stable-stringify@npm:2.1.0"
  checksum: b191531e36c607977e5b1c47811158733c34ccb3bfde92c44798929e9b4154884378536d26ad90dfecd32e1ffc09c545d23535ad91b3161a27ddbb8ebe0cbecb
  languageName: node
  linkType: hard

"forever-agent@npm:~0.6.1":
  version: 0.6.1
  resolution: "forever-agent@npm:0.6.1"
  checksum: 766ae6e220f5fe23676bb4c6a99387cec5b7b62ceb99e10923376e27bfea72f3c3aeec2ba5f45f3f7ba65d6616965aa7c20b15002b6860833bb6e394dea546a8
  languageName: node
  linkType: hard

"form-data@npm:~2.3.2":
  version: 2.3.3
  resolution: "form-data@npm:2.3.3"
  dependencies:
    asynckit: ^0.4.0
    combined-stream: ^1.0.6
    mime-types: ^2.1.12
  checksum: 10c1780fa13dbe1ff3100114c2ce1f9307f8be10b14bf16e103815356ff567b6be39d70fc4a40f8990b9660012dc24b0f5e1dde1b6426166eb23a445ba068ca3
  languageName: node
  linkType: hard

"get-stream@npm:^5.1.0":
  version: 5.2.0
  resolution: "get-stream@npm:5.2.0"
  dependencies:
    pump: ^3.0.0
  checksum: 8bc1a23174a06b2b4ce600df38d6c98d2ef6d84e020c1ddad632ad75bac4e092eeb40e4c09e0761c35fc2dbc5e7fff5dab5e763a383582c4a167dd69a905bd12
  languageName: node
  linkType: hard

"getpass@npm:^0.1.1":
  version: 0.1.7
  resolution: "getpass@npm:0.1.7"
  dependencies:
    assert-plus: ^1.0.0
  checksum: ab18d55661db264e3eac6012c2d3daeafaab7a501c035ae0ccb193c3c23e9849c6e29b6ac762b9c2adae460266f925d55a3a2a3a3c8b94be2f222df94d70c046
  languageName: node
  linkType: hard

"google-play-scraper@npm:^10.0.0":
  version: 10.0.0
  resolution: "google-play-scraper@npm:10.0.0"
  dependencies:
    cheerio: ^1.0.0-rc.12
    debug: ^3.1.0
    got: ^11.8.6
    memoizee: ^0.4.14
    ramda: ^0.29.0
  checksum: fb79a28134956a56fe97df627ef90e368c71df574bb542f81a8ef972370b9f6e3d3011dca065c111ba8e25071c37c09ed2cb747af0d2f5ef698607b2f15d6a43
  languageName: node
  linkType: hard

"got@npm:^11.8.6":
  version: 11.8.6
  resolution: "got@npm:11.8.6"
  dependencies:
    "@sindresorhus/is": ^4.0.0
    "@szmarczak/http-timer": ^4.0.5
    "@types/cacheable-request": ^6.0.1
    "@types/responselike": ^1.0.0
    cacheable-lookup: ^5.0.3
    cacheable-request: ^7.0.2
    decompress-response: ^6.0.0
    http2-wrapper: ^1.0.0-beta.5.2
    lowercase-keys: ^2.0.0
    p-cancelable: ^2.0.0
    responselike: ^2.0.0
  checksum: bbc783578a8d5030c8164ef7f57ce41b5ad7db2ed13371e1944bef157eeca5a7475530e07c0aaa71610d7085474d0d96222c9f4268d41db333a17e39b463f45d
  languageName: node
  linkType: hard

"har-schema@npm:^2.0.0":
  version: 2.0.0
  resolution: "har-schema@npm:2.0.0"
  checksum: d8946348f333fb09e2bf24cc4c67eabb47c8e1d1aa1c14184c7ffec1140a49ec8aa78aa93677ae452d71d5fc0fdeec20f0c8c1237291fc2bcb3f502a5d204f9b
  languageName: node
  linkType: hard

"har-validator@npm:~5.1.3":
  version: 5.1.5
  resolution: "har-validator@npm:5.1.5"
  dependencies:
    ajv: ^6.12.3
    har-schema: ^2.0.0
  checksum: b998a7269ca560d7f219eedc53e2c664cd87d487e428ae854a6af4573fc94f182fe9d2e3b92ab968249baec7ebaf9ead69cf975c931dc2ab282ec182ee988280
  languageName: node
  linkType: hard

"htmlparser2@npm:^8.0.1":
  version: 8.0.2
  resolution: "htmlparser2@npm:8.0.2"
  dependencies:
    domelementtype: ^2.3.0
    domhandler: ^5.0.3
    domutils: ^3.0.1
    entities: ^4.4.0
  checksum: 29167a0f9282f181da8a6d0311b76820c8a59bc9e3c87009e21968264c2987d2723d6fde5a964d4b7b6cba663fca96ffb373c06d8223a85f52a6089ced942700
  languageName: node
  linkType: hard

"http-cache-semantics@npm:^4.0.0":
  version: 4.1.1
  resolution: "http-cache-semantics@npm:4.1.1"
  checksum: 83ac0bc60b17a3a36f9953e7be55e5c8f41acc61b22583060e8dedc9dd5e3607c823a88d0926f9150e571f90946835c7fe150732801010845c72cd8bbff1a236
  languageName: node
  linkType: hard

"http-signature@npm:~1.2.0":
  version: 1.2.0
  resolution: "http-signature@npm:1.2.0"
  dependencies:
    assert-plus: ^1.0.0
    jsprim: ^1.2.2
    sshpk: ^1.7.0
  checksum: 3324598712266a9683585bb84a75dec4fd550567d5e0dd4a0fff6ff3f74348793404d3eeac4918fa0902c810eeee1a86419e4a2e92a164132dfe6b26743fb47c
  languageName: node
  linkType: hard

"http2-wrapper@npm:^1.0.0-beta.5.2":
  version: 1.0.3
  resolution: "http2-wrapper@npm:1.0.3"
  dependencies:
    quick-lru: ^5.1.1
    resolve-alpn: ^1.0.0
  checksum: 74160b862ec699e3f859739101ff592d52ce1cb207b7950295bf7962e4aa1597ef709b4292c673bece9c9b300efad0559fc86c71b1409c7a1e02b7229456003e
  languageName: node
  linkType: hard

"is-promise@npm:^2.2.2":
  version: 2.2.2
  resolution: "is-promise@npm:2.2.2"
  checksum: 18bf7d1c59953e0ad82a1ed963fb3dc0d135c8f299a14f89a17af312fc918373136e56028e8831700e1933519630cc2fd4179a777030330fde20d34e96f40c78
  languageName: node
  linkType: hard

"is-typedarray@npm:~1.0.0":
  version: 1.0.0
  resolution: "is-typedarray@npm:1.0.0"
  checksum: 3508c6cd0a9ee2e0df2fa2e9baabcdc89e911c7bd5cf64604586697212feec525aa21050e48affb5ffc3df20f0f5d2e2cf79b08caa64e1ccc9578e251763aef7
  languageName: node
  linkType: hard

"isstream@npm:~0.1.2":
  version: 0.1.2
  resolution: "isstream@npm:0.1.2"
  checksum: 1eb2fe63a729f7bdd8a559ab552c69055f4f48eb5c2f03724430587c6f450783c8f1cd936c1c952d0a927925180fcc892ebd5b174236cf1065d4bd5bdb37e963
  languageName: node
  linkType: hard

"jsbn@npm:~0.1.0":
  version: 0.1.1
  resolution: "jsbn@npm:0.1.1"
  checksum: e5ff29c1b8d965017ef3f9c219dacd6e40ad355c664e277d31246c90545a02e6047018c16c60a00f36d561b3647215c41894f5d869ada6908a2e0ce4200c88f2
  languageName: node
  linkType: hard

"json-buffer@npm:3.0.1":
  version: 3.0.1
  resolution: "json-buffer@npm:3.0.1"
  checksum: 9026b03edc2847eefa2e37646c579300a1f3a4586cfb62bf857832b60c852042d0d6ae55d1afb8926163fa54c2b01d83ae24705f34990348bdac6273a29d4581
  languageName: node
  linkType: hard

"json-schema-traverse@npm:^0.4.1":
  version: 0.4.1
  resolution: "json-schema-traverse@npm:0.4.1"
  checksum: 7486074d3ba247769fda17d5181b345c9fb7d12e0da98b22d1d71a5db9698d8b4bd900a3ec1a4ffdd60846fc2556274a5c894d0c48795f14cb03aeae7b55260b
  languageName: node
  linkType: hard

"json-schema@npm:0.4.0":
  version: 0.4.0
  resolution: "json-schema@npm:0.4.0"
  checksum: 66389434c3469e698da0df2e7ac5a3281bcff75e797a5c127db7c5b56270e01ae13d9afa3c03344f76e32e81678337a8c912bdbb75101c62e487dc3778461d72
  languageName: node
  linkType: hard

"json-stringify-safe@npm:~5.0.1":
  version: 5.0.1
  resolution: "json-stringify-safe@npm:5.0.1"
  checksum: 48ec0adad5280b8a96bb93f4563aa1667fd7a36334f79149abd42446d0989f2ddc58274b479f4819f1f00617957e6344c886c55d05a4e15ebb4ab931e4a6a8ee
  languageName: node
  linkType: hard

"jsprim@npm:^1.2.2":
  version: 1.4.2
  resolution: "jsprim@npm:1.4.2"
  dependencies:
    assert-plus: 1.0.0
    extsprintf: 1.3.0
    json-schema: 0.4.0
    verror: 1.10.0
  checksum: 2ad1b9fdcccae8b3d580fa6ced25de930eaa1ad154db21bbf8478a4d30bbbec7925b5f5ff29b933fba9412b16a17bd484a8da4fdb3663b5e27af95dd693bab2a
  languageName: node
  linkType: hard

"keyv@npm:^4.0.0":
  version: 4.5.3
  resolution: "keyv@npm:4.5.3"
  dependencies:
    json-buffer: 3.0.1
  checksum: 3ffb4d5b72b6b4b4af443bbb75ca2526b23c750fccb5ac4c267c6116888b4b65681015c2833cb20d26cf3e6e32dac6b988c77f7f022e1a571b7d90f1442257da
  languageName: node
  linkType: hard

"lowercase-keys@npm:^2.0.0":
  version: 2.0.0
  resolution: "lowercase-keys@npm:2.0.0"
  checksum: 24d7ebd56ccdf15ff529ca9e08863f3c54b0b9d1edb97a3ae1af34940ae666c01a1e6d200707bce730a8ef76cb57cc10e65f245ecaaf7e6bc8639f2fb460ac23
  languageName: node
  linkType: hard

"lru-queue@npm:0.1, lru-queue@npm:^0.1.0":
  version: 0.1.0
  resolution: "lru-queue@npm:0.1.0"
  dependencies:
    es5-ext: ~0.10.2
  checksum: 7f2c53c5e7f2de20efb6ebb3086b7aea88d6cf9ae91ac5618ece974122960c4e8ed04988e81d92c3e63d60b12c556b14d56ef7a9c5a4627b23859b813e39b1a2
  languageName: node
  linkType: hard

"memoizee@npm:^0.3.10":
  version: 0.3.10
  resolution: "memoizee@npm:0.3.10"
  dependencies:
    d: ~0.1.1
    es5-ext: ~0.10.11
    es6-weak-map: ~0.1.4
    event-emitter: ~0.3.4
    lru-queue: 0.1
    next-tick: ~0.2.2
    timers-ext: 0.1
  checksum: e6055560a847b34070b0313c85cbd97eb5442f509b42e896b32040f832ab6e201d5f094c5f183140a2a99622c3515af111e1decdd3d0b678cccaf877bf3e6d7b
  languageName: node
  linkType: hard

"memoizee@npm:^0.4.14":
  version: 0.4.15
  resolution: "memoizee@npm:0.4.15"
  dependencies:
    d: ^1.0.1
    es5-ext: ^0.10.53
    es6-weak-map: ^2.0.3
    event-emitter: ^0.3.5
    is-promise: ^2.2.2
    lru-queue: ^0.1.0
    next-tick: ^1.1.0
    timers-ext: ^0.1.7
  checksum: 4065d94416dbadac56edf5947bf342beca0e9f051f33ad60d7c4baf3f6ca0f3c6fdb770c5caed5a89c0ceaf9121428582f396445d591785281383d60aa883418
  languageName: node
  linkType: hard

"mime-db@npm:1.52.0":
  version: 1.52.0
  resolution: "mime-db@npm:1.52.0"
  checksum: 0d99a03585f8b39d68182803b12ac601d9c01abfa28ec56204fa330bc9f3d1c5e14beb049bafadb3dbdf646dfb94b87e24d4ec7b31b7279ef906a8ea9b6a513f
  languageName: node
  linkType: hard

"mime-types@npm:^2.1.12, mime-types@npm:~2.1.19":
  version: 2.1.35
  resolution: "mime-types@npm:2.1.35"
  dependencies:
    mime-db: 1.52.0
  checksum: 89a5b7f1def9f3af5dad6496c5ed50191ae4331cc5389d7c521c8ad28d5fdad2d06fd81baf38fed813dc4e46bb55c8145bb0ff406330818c9cf712fb2e9b3836
  languageName: node
  linkType: hard

"mimic-response@npm:^1.0.0":
  version: 1.0.1
  resolution: "mimic-response@npm:1.0.1"
  checksum: 034c78753b0e622bc03c983663b1cdf66d03861050e0c8606563d149bc2b02d63f62ce4d32be4ab50d0553ae0ffe647fc34d1f5281184c6e1e8cf4d85e8d9823
  languageName: node
  linkType: hard

"mimic-response@npm:^3.1.0":
  version: 3.1.0
  resolution: "mimic-response@npm:3.1.0"
  checksum: 25739fee32c17f433626bf19f016df9036b75b3d84a3046c7d156e72ec963dd29d7fc8a302f55a3d6c5a4ff24259676b15d915aad6480815a969ff2ec0836867
  languageName: node
  linkType: hard

"ms@npm:2.0.0":
  version: 2.0.0
  resolution: "ms@npm:2.0.0"
  checksum: 0e6a22b8b746d2e0b65a430519934fefd41b6db0682e3477c10f60c76e947c4c0ad06f63ffdf1d78d335f83edee8c0aa928aa66a36c7cd95b69b26f468d527f4
  languageName: node
  linkType: hard

"ms@npm:^2.1.1":
  version: 2.1.3
  resolution: "ms@npm:2.1.3"
  checksum: aa92de608021b242401676e35cfa5aa42dd70cbdc082b916da7fb925c542173e36bce97ea3e804923fe92c0ad991434e4a38327e15a1b5b5f945d66df615ae6d
  languageName: node
  linkType: hard

"next-tick@npm:1, next-tick@npm:^1.1.0":
  version: 1.1.0
  resolution: "next-tick@npm:1.1.0"
  checksum: 83b5cf36027a53ee6d8b7f9c0782f2ba87f4858d977342bfc3c20c21629290a2111f8374d13a81221179603ffc4364f38374b5655d17b6a8f8a8c77bdea4fe8b
  languageName: node
  linkType: hard

"next-tick@npm:~0.2.2":
  version: 0.2.2
  resolution: "next-tick@npm:0.2.2"
  checksum: d5e8874f5c7ed7bec23d4b56b2598a2d86b363828b0aef846dab76a496e1e8eff4fcf74ba6a95caa73a90d7ab55970d7cd28a0cad389948287b823e7e8309eb0
  languageName: node
  linkType: hard

"normalize-url@npm:^6.0.1":
  version: 6.1.0
  resolution: "normalize-url@npm:6.1.0"
  checksum: 4a4944631173e7d521d6b80e4c85ccaeceb2870f315584fa30121f505a6dfd86439c5e3fdd8cd9e0e291290c41d0c3599f0cb12ab356722ed242584c30348e50
  languageName: node
  linkType: hard

"nth-check@npm:^2.0.1":
  version: 2.1.1
  resolution: "nth-check@npm:2.1.1"
  dependencies:
    boolbase: ^1.0.0
  checksum: 5afc3dafcd1573b08877ca8e6148c52abd565f1d06b1eb08caf982e3fa289a82f2cae697ffb55b5021e146d60443f1590a5d6b944844e944714a5b549675bcd3
  languageName: node
  linkType: hard

"oauth-sign@npm:~0.9.0":
  version: 0.9.0
  resolution: "oauth-sign@npm:0.9.0"
  checksum: 8f5497a127967866a3c67094c21efd295e46013a94e6e828573c62220e9af568cc1d2d04b16865ba583e430510fa168baf821ea78f355146d8ed7e350fc44c64
  languageName: node
  linkType: hard

"omni-extension-appstore-parser@workspace:.":
  version: 0.0.0-use.local
  resolution: "omni-extension-appstore-parser@workspace:."
  dependencies:
    app-store-scraper: ^0.17.0
    esbuild: ^0.19.0
    google-play-scraper: ^10.0.0
    typescript: ^5.1.6
  languageName: unknown
  linkType: soft

"once@npm:^1.3.1, once@npm:^1.4.0":
  version: 1.4.0
  resolution: "once@npm:1.4.0"
  dependencies:
    wrappy: 1
  checksum: cd0a88501333edd640d95f0d2700fbde6bff20b3d4d9bdc521bdd31af0656b5706570d6c6afe532045a20bb8dc0849f8332d6f2a416e0ba6d3d3b98806c7db68
  languageName: node
  linkType: hard

"p-cancelable@npm:^2.0.0":
  version: 2.1.1
  resolution: "p-cancelable@npm:2.1.1"
  checksum: 3dba12b4fb4a1e3e34524535c7858fc82381bbbd0f247cc32dedc4018592a3950ce66b106d0880b4ec4c2d8d6576f98ca885dc1d7d0f274d1370be20e9523ddf
  languageName: node
  linkType: hard

"parse5-htmlparser2-tree-adapter@npm:^7.0.0":
  version: 7.0.0
  resolution: "parse5-htmlparser2-tree-adapter@npm:7.0.0"
  dependencies:
    domhandler: ^5.0.2
    parse5: ^7.0.0
  checksum: fc5d01e07733142a1baf81de5c2a9c41426c04b7ab29dd218acb80cd34a63177c90aff4a4aee66cf9f1d0aeecff1389adb7452ad6f8af0a5888e3e9ad6ef733d
  languageName: node
  linkType: hard

"parse5@npm:^7.0.0":
  version: 7.1.2
  resolution: "parse5@npm:7.1.2"
  dependencies:
    entities: ^4.4.0
  checksum: 59465dd05eb4c5ec87b76173d1c596e152a10e290b7abcda1aecf0f33be49646ea74840c69af975d7887543ea45564801736356c568d6b5e71792fd0f4055713
  languageName: node
  linkType: hard

"performance-now@npm:^2.1.0":
  version: 2.1.0
  resolution: "performance-now@npm:2.1.0"
  checksum: 534e641aa8f7cba160f0afec0599b6cecefbb516a2e837b512be0adbe6c1da5550e89c78059c7fabc5c9ffdf6627edabe23eb7c518c4500067a898fa65c2b550
  languageName: node
  linkType: hard

"psl@npm:^1.1.28":
  version: 1.9.0
  resolution: "psl@npm:1.9.0"
  checksum: 20c4277f640c93d393130673f392618e9a8044c6c7bf61c53917a0fddb4952790f5f362c6c730a9c32b124813e173733f9895add8d26f566ed0ea0654b2e711d
  languageName: node
  linkType: hard

"pump@npm:^3.0.0":
  version: 3.0.0
  resolution: "pump@npm:3.0.0"
  dependencies:
    end-of-stream: ^1.1.0
    once: ^1.3.1
  checksum: e42e9229fba14732593a718b04cb5e1cfef8254544870997e0ecd9732b189a48e1256e4e5478148ecb47c8511dca2b09eae56b4d0aad8009e6fac8072923cfc9
  languageName: node
  linkType: hard

"punycode@npm:^2.1.0, punycode@npm:^2.1.1":
  version: 2.3.0
  resolution: "punycode@npm:2.3.0"
  checksum: 39f760e09a2a3bbfe8f5287cf733ecdad69d6af2fe6f97ca95f24b8921858b91e9ea3c9eeec6e08cede96181b3bb33f95c6ffd8c77e63986508aa2e8159fa200
  languageName: node
  linkType: hard

"qs@npm:~6.5.2":
  version: 6.5.3
  resolution: "qs@npm:6.5.3"
  checksum: 6f20bf08cabd90c458e50855559539a28d00b2f2e7dddcb66082b16a43188418cb3cb77cbd09268bcef6022935650f0534357b8af9eeb29bf0f27ccb17655692
  languageName: node
  linkType: hard

"quick-lru@npm:^5.1.1":
  version: 5.1.1
  resolution: "quick-lru@npm:5.1.1"
  checksum: a516faa25574be7947969883e6068dbe4aa19e8ef8e8e0fd96cddd6d36485e9106d85c0041a27153286b0770b381328f4072aa40d3b18a19f5f7d2b78b94b5ed
  languageName: node
  linkType: hard

"ramda@npm:^0.21.0":
  version: 0.21.0
  resolution: "ramda@npm:0.21.0"
  checksum: e08d63c12ed4bab70bfd700a843901d9fa340d1a88c50085a6ef0ecf25f528e5ac7c71848481270923491e7315a34301bb35905d45861cb13cc75b8ca05add32
  languageName: node
  linkType: hard

"ramda@npm:^0.29.0":
  version: 0.29.0
  resolution: "ramda@npm:0.29.0"
  checksum: 9ab26c06eb7545cbb7eebcf75526d6ee2fcaae19e338f165b2bf32772121e7b28192d6664d1ba222ff76188ba26ab307342d66e805dbb02c860560adc4d5dd57
  languageName: node
  linkType: hard

"request@npm:^2.87.0":
  version: 2.88.2
  resolution: "request@npm:2.88.2"
  dependencies:
    aws-sign2: ~0.7.0
    aws4: ^1.8.0
    caseless: ~0.12.0
    combined-stream: ~1.0.6
    extend: ~3.0.2
    forever-agent: ~0.6.1
    form-data: ~2.3.2
    har-validator: ~5.1.3
    http-signature: ~1.2.0
    is-typedarray: ~1.0.0
    isstream: ~0.1.2
    json-stringify-safe: ~5.0.1
    mime-types: ~2.1.19
    oauth-sign: ~0.9.0
    performance-now: ^2.1.0
    qs: ~6.5.2
    safe-buffer: ^5.1.2
    tough-cookie: ~2.5.0
    tunnel-agent: ^0.6.0
    uuid: ^3.3.2
  checksum: 4e112c087f6eabe7327869da2417e9d28fcd0910419edd2eb17b6acfc4bfa1dad61954525949c228705805882d8a98a86a0ea12d7f739c01ee92af7062996983
  languageName: node
  linkType: hard

"resolve-alpn@npm:^1.0.0":
  version: 1.2.1
  resolution: "resolve-alpn@npm:1.2.1"
  checksum: f558071fcb2c60b04054c99aebd572a2af97ef64128d59bef7ab73bd50d896a222a056de40ffc545b633d99b304c259ea9d0c06830d5c867c34f0bfa60b8eae0
  languageName: node
  linkType: hard

"responselike@npm:^2.0.0":
  version: 2.0.1
  resolution: "responselike@npm:2.0.1"
  dependencies:
    lowercase-keys: ^2.0.0
  checksum: b122535466e9c97b55e69c7f18e2be0ce3823c5d47ee8de0d9c0b114aa55741c6db8bfbfce3766a94d1272e61bfb1ebf0a15e9310ac5629fbb7446a861b4fd3a
  languageName: node
  linkType: hard

"safe-buffer@npm:^5.0.1, safe-buffer@npm:^5.1.2":
  version: 5.2.1
  resolution: "safe-buffer@npm:5.2.1"
  checksum: b99c4b41fdd67a6aaf280fcd05e9ffb0813654894223afb78a31f14a19ad220bba8aba1cb14eddce1fcfb037155fe6de4e861784eb434f7d11ed58d1e70dd491
  languageName: node
  linkType: hard

"safer-buffer@npm:^2.0.2, safer-buffer@npm:^2.1.0, safer-buffer@npm:~2.1.0":
  version: 2.1.2
  resolution: "safer-buffer@npm:2.1.2"
  checksum: cab8f25ae6f1434abee8d80023d7e72b598cf1327164ddab31003c51215526801e40b66c5e65d658a0af1e9d6478cadcb4c745f4bd6751f97d8644786c0978b0
  languageName: node
  linkType: hard

"sax@npm:>=0.6.0":
  version: 1.2.4
  resolution: "sax@npm:1.2.4"
  checksum: d3df7d32b897a2c2f28e941f732c71ba90e27c24f62ee918bd4d9a8cfb3553f2f81e5493c7f0be94a11c1911b643a9108f231dd6f60df3fa9586b5d2e3e9e1fe
  languageName: node
  linkType: hard

"sshpk@npm:^1.7.0":
  version: 1.17.0
  resolution: "sshpk@npm:1.17.0"
  dependencies:
    asn1: ~0.2.3
    assert-plus: ^1.0.0
    bcrypt-pbkdf: ^1.0.0
    dashdash: ^1.12.0
    ecc-jsbn: ~0.1.1
    getpass: ^0.1.1
    jsbn: ~0.1.0
    safer-buffer: ^2.0.2
    tweetnacl: ~0.14.0
  bin:
    sshpk-conv: bin/sshpk-conv
    sshpk-sign: bin/sshpk-sign
    sshpk-verify: bin/sshpk-verify
  checksum: ba109f65c8e6c35133b8e6ed5576abeff8aa8d614824b7275ec3ca308f081fef483607c28d97780c1e235818b0f93ed8c8b56d0a5968d5a23fd6af57718c7597
  languageName: node
  linkType: hard

"timers-ext@npm:0.1, timers-ext@npm:^0.1.7":
  version: 0.1.7
  resolution: "timers-ext@npm:0.1.7"
  dependencies:
    es5-ext: ~0.10.46
    next-tick: 1
  checksum: ef3f27a0702a88d885bcbb0317c3e3ecd094ce644da52e7f7d362394a125d9e3578292a8f8966071a980d8abbc3395725333b1856f3ae93835b46589f700d938
  languageName: node
  linkType: hard

"tough-cookie@npm:~2.5.0":
  version: 2.5.0
  resolution: "tough-cookie@npm:2.5.0"
  dependencies:
    psl: ^1.1.28
    punycode: ^2.1.1
  checksum: 16a8cd090224dd176eee23837cbe7573ca0fa297d7e468ab5e1c02d49a4e9a97bb05fef11320605eac516f91d54c57838a25864e8680e27b069a5231d8264977
  languageName: node
  linkType: hard

"tunnel-agent@npm:^0.6.0":
  version: 0.6.0
  resolution: "tunnel-agent@npm:0.6.0"
  dependencies:
    safe-buffer: ^5.0.1
  checksum: 05f6510358f8afc62a057b8b692f05d70c1782b70db86d6a1e0d5e28a32389e52fa6e7707b6c5ecccacc031462e4bc35af85ecfe4bbc341767917b7cf6965711
  languageName: node
  linkType: hard

"tweetnacl@npm:^0.14.3, tweetnacl@npm:~0.14.0":
  version: 0.14.5
  resolution: "tweetnacl@npm:0.14.5"
  checksum: 6061daba1724f59473d99a7bb82e13f211cdf6e31315510ae9656fefd4779851cb927adad90f3b488c8ed77c106adc0421ea8055f6f976ff21b27c5c4e918487
  languageName: node
  linkType: hard

"type@npm:^1.0.1":
  version: 1.2.0
  resolution: "type@npm:1.2.0"
  checksum: dae8c64f82c648b985caf321e9dd6e8b7f4f2e2d4f846fc6fd2c8e9dc7769382d8a52369ddbaccd59aeeceb0df7f52fb339c465be5f2e543e81e810e413451ee
  languageName: node
  linkType: hard

"type@npm:^2.7.2":
  version: 2.7.2
  resolution: "type@npm:2.7.2"
  checksum: 0f42379a8adb67fe529add238a3e3d16699d95b42d01adfe7b9a7c5da297f5c1ba93de39265ba30ffeb37dfd0afb3fb66ae09f58d6515da442219c086219f6f4
  languageName: node
  linkType: hard

"typescript@npm:^5.1.6":
  version: 5.1.6
  resolution: "typescript@npm:5.1.6"
  bin:
    tsc: bin/tsc
    tsserver: bin/tsserver
  checksum: b2f2c35096035fe1f5facd1e38922ccb8558996331405eb00a5111cc948b2e733163cc22fab5db46992aba7dd520fff637f2c1df4996ff0e134e77d3249a7350
  languageName: node
  linkType: hard

"typescript@patch:typescript@^5.1.6#~builtin<compat/typescript>":
  version: 5.1.6
  resolution: "typescript@patch:typescript@npm%3A5.1.6#~builtin<compat/typescript>::version=5.1.6&hash=ad5954"
  bin:
    tsc: bin/tsc
    tsserver: bin/tsserver
  checksum: 21e88b0a0c0226f9cb9fd25b9626fb05b4c0f3fddac521844a13e1f30beb8f14e90bd409a9ac43c812c5946d714d6e0dee12d5d02dfc1c562c5aacfa1f49b606
  languageName: node
  linkType: hard

"uri-js@npm:^4.2.2":
  version: 4.4.1
  resolution: "uri-js@npm:4.4.1"
  dependencies:
    punycode: ^2.1.0
  checksum: 7167432de6817fe8e9e0c9684f1d2de2bb688c94388f7569f7dbdb1587c9f4ca2a77962f134ec90be0cc4d004c939ff0d05acc9f34a0db39a3c797dada262633
  languageName: node
  linkType: hard

"uuid@npm:^3.3.2":
  version: 3.4.0
  resolution: "uuid@npm:3.4.0"
  bin:
    uuid: ./bin/uuid
  checksum: 58de2feed61c59060b40f8203c0e4ed7fd6f99d42534a499f1741218a1dd0c129f4aa1de797bcf822c8ea5da7e4137aa3673431a96dae729047f7aca7b27866f
  languageName: node
  linkType: hard

"verror@npm:1.10.0":
  version: 1.10.0
  resolution: "verror@npm:1.10.0"
  dependencies:
    assert-plus: ^1.0.0
    core-util-is: 1.0.2
    extsprintf: ^1.2.0
  checksum: c431df0bedf2088b227a4e051e0ff4ca54df2c114096b0c01e1cbaadb021c30a04d7dd5b41ab277bcd51246ca135bf931d4c4c796ecae7a4fef6d744ecef36ea
  languageName: node
  linkType: hard

"wrappy@npm:1":
  version: 1.0.2
  resolution: "wrappy@npm:1.0.2"
  checksum: 159da4805f7e84a3d003d8841557196034155008f817172d4e986bd591f74aa82aa7db55929a54222309e01079a65a92a9e6414da5a6aa4b01ee44a511ac3ee5
  languageName: node
  linkType: hard

"xml2js@npm:^0.4.16":
  version: 0.4.23
  resolution: "xml2js@npm:0.4.23"
  dependencies:
    sax: ">=0.6.0"
    xmlbuilder: ~11.0.0
  checksum: ca0cf2dfbf6deeaae878a891c8fbc0db6fd04398087084edf143cdc83d0509ad0fe199b890f62f39c4415cf60268a27a6aed0d343f0658f8779bd7add690fa98
  languageName: node
  linkType: hard

"xmlbuilder@npm:~11.0.0":
  version: 11.0.1
  resolution: "xmlbuilder@npm:11.0.1"
  checksum: 7152695e16f1a9976658215abab27e55d08b1b97bca901d58b048d2b6e106b5af31efccbdecf9b07af37c8377d8e7e821b494af10b3a68b0ff4ae60331b415b0
  languageName: node
  linkType: hard
